
Microsoft Visual Studio Solution File, Format Version 12.00
# Visual Studio Version 16
VisualStudioVersion = 16.0.30709.132
MinimumVisualStudioVersion = 10.0.40219.1
Project("{FAE04EC0-301F-11D3-BF4B-00C04F79EFBC}") = "Serialization", "Serialization\Serialization.csproj", "{9B3525A5-D1A7-4EAC-A2D6-0ECA7C6C3421}"
EndProject
Global
	GlobalSection(SolutionConfigurationPlatforms) = preSolution
		Debug|Any CPU = Debug|Any CPU
		Release|Any CPU = Release|Any CPU
	EndGlobalSection
	GlobalSection(ProjectConfigurationPlatforms) = postSolution
		{9B3525A5-D1A7-4EAC-A2D6-0ECA7C6C3421}.Debug|Any CPU.ActiveCfg = Debug|Any CPU
		{9B3525A5-D1A7-4EAC-A2D6-0ECA7C6C3421}.Debug|Any CPU.Build.0 = Debug|Any CPU
		{9B3525A5-D1A7-4EAC-A2D6-0ECA7C6C3421}.Release|Any CPU.ActiveCfg = Release|Any CPU
		{9B3525A5-D1A7-4EAC-A2D6-0ECA7C6C3421}.Release|Any CPU.Build.0 = Release|Any CPU
	EndGlobalSection
	GlobalSection(SolutionProperties) = preSolution
		HideSolutionNode = FALSE
	EndGlobalSection
	GlobalSection(ExtensibilityGlobals) = postSolution
		SolutionGuid = {8C275FB6-5A3E-4443-944E-7E40A92327CD}
	EndGlobalSection
EndGlobal
