
Microsoft Visual Studio Solution File, Format Version 12.00
# Visual Studio Version 16
VisualStudioVersion = 16.0.30709.132
MinimumVisualStudioVersion = 10.0.40219.1
Project("{FAE04EC0-301F-11D3-BF4B-00C04F79EFBC}") = "Notes", "Notes\Notes.csproj", "{697EDF42-FC24-4E91-BF67-40D5F6614B5D}"
EndProject
Global
	GlobalSection(SolutionConfigurationPlatforms) = preSolution
		Debug|Any CPU = Debug|Any CPU
		Release|Any CPU = Release|Any CPU
	EndGlobalSection
	GlobalSection(ProjectConfigurationPlatforms) = postSolution
		{697EDF42-FC24-4E91-BF67-40D5F6614B5D}.Debug|Any CPU.ActiveCfg = Debug|Any CPU
		{697EDF42-FC24-4E91-BF67-40D5F6614B5D}.Debug|Any CPU.Build.0 = Debug|Any CPU
		{697EDF42-FC24-4E91-BF67-40D5F6614B5D}.Release|Any CPU.ActiveCfg = Release|Any CPU
		{697EDF42-FC24-4E91-BF67-40D5F6614B5D}.Release|Any CPU.Build.0 = Release|Any CPU
	EndGlobalSection
	GlobalSection(SolutionProperties) = preSolution
		HideSolutionNode = FALSE
	EndGlobalSection
	GlobalSection(ExtensibilityGlobals) = postSolution
		SolutionGuid = {1260663B-F690-4C0F-92AE-BBE357CBACBA}
	EndGlobalSection
EndGlobal
